
Microsoft Visual Studio Solution File, Format Version 12.00
# Visual Studio 2015
Project("{FAE04EC0-301F-11D3-BF4B-00C04F79EFBC}") = "ZigZag2.Plugins", "ZigZag2.Plugins.csproj", "{6834C2A8-F91A-6815-7D5A-DA3584F0DCA2}"
EndProject
Project("{FAE04EC0-301F-11D3-BF4B-00C04F79EFBC}") = "ZigZag2", "ZigZag2.csproj", "{84FEA8E9-E92D-EB8E-9C51-9836671D1B28}"
EndProject
Global
	GlobalSection(SolutionConfigurationPlatforms) = preSolution
		Debug|Any CPU = Debug|Any CPU
		Release|Any CPU = Release|Any CPU
	EndGlobalSection
	GlobalSection(ProjectConfigurationPlatforms) = postSolution
		{6834C2A8-F91A-6815-7D5A-DA3584F0DCA2}.Debug|Any CPU.ActiveCfg = Debug|Any CPU
		{6834C2A8-F91A-6815-7D5A-DA3584F0DCA2}.Debug|Any CPU.Build.0 = Debug|Any CPU
		{6834C2A8-F91A-6815-7D5A-DA3584F0DCA2}.Release|Any CPU.ActiveCfg = Release|Any CPU
		{6834C2A8-F91A-6815-7D5A-DA3584F0DCA2}.Release|Any CPU.Build.0 = Release|Any CPU
		{84FEA8E9-E92D-EB8E-9C51-9836671D1B28}.Debug|Any CPU.ActiveCfg = Debug|Any CPU
		{84FEA8E9-E92D-EB8E-9C51-9836671D1B28}.Debug|Any CPU.Build.0 = Debug|Any CPU
		{84FEA8E9-E92D-EB8E-9C51-9836671D1B28}.Release|Any CPU.ActiveCfg = Release|Any CPU
		{84FEA8E9-E92D-EB8E-9C51-9836671D1B28}.Release|Any CPU.Build.0 = Release|Any CPU
	EndGlobalSection
	GlobalSection(SolutionProperties) = preSolution
		HideSolutionNode = FALSE
	EndGlobalSection
EndGlobal
